
Microsoft Visual Studio Solution File, Format Version 12.00
# Visual Studio 15
VisualStudioVersion = 15.0.27428.2015
MinimumVisualStudioVersion = 10.0.40219.1
Project("{8BC9CEB8-8B4A-11D0-8D11-00A0C91BC942}") = "GEPGameEngine", "GEPGameEngine\GEPGameEngine.vcxproj", "{224276CE-EF87-4127-AADE-D319DE0A1F65}"
EndProject
Global
	GlobalSection(SolutionConfigurationPlatforms) = preSolution
		Debug|x64 = Debug|x64
		Debug|x86 = Debug|x86
		Release|x64 = Release|x64
		Release|x86 = Release|x86
	EndGlobalSection
	GlobalSection(ProjectConfigurationPlatforms) = postSolution
		{224276CE-EF87-4127-AADE-D319DE0A1F65}.Debug|x64.ActiveCfg = Debug|x64
		{224276CE-EF87-4127-AADE-D319DE0A1F65}.Debug|x64.Build.0 = Debug|x64
		{224276CE-EF87-4127-AADE-D319DE0A1F65}.Debug|x86.ActiveCfg = Debug|Win32
		{224276CE-EF87-4127-AADE-D319DE0A1F65}.Debug|x86.Build.0 = Debug|Win32
		{224276CE-EF87-4127-AADE-D319DE0A1F65}.Release|x64.ActiveCfg = Release|x64
		{224276CE-EF87-4127-AADE-D319DE0A1F65}.Release|x64.Build.0 = Release|x64
		{224276CE-EF87-4127-AADE-D319DE0A1F65}.Release|x86.ActiveCfg = Release|Win32
		{224276CE-EF87-4127-AADE-D319DE0A1F65}.Release|x86.Build.0 = Release|Win32
	EndGlobalSection
	GlobalSection(SolutionProperties) = preSolution
		HideSolutionNode = FALSE
	EndGlobalSection
	GlobalSection(ExtensibilityGlobals) = postSolution
		SolutionGuid = {C2AC339E-CAC5-4426-A544-433451C6BF1D}
	EndGlobalSection
EndGlobal
